
Microsoft Visual Studio Solution File, Format Version 12.00
# Visual Studio Version 17
Project("{8BC9CEB8-8B4A-11D0-8D11-00A0C91BC942}") = "ALL_BUILD", "ALL_BUILD.vcxproj", "{DA6FD596-76BB-3792-B748-F1848BA272EE}"
	ProjectSection(ProjectDependencies) = postProject
	EndProjectSection
EndProject
Global
	GlobalSection(SolutionConfigurationPlatforms) = preSolution
		Debug|x64 = Debug|x64
		Release|x64 = Release|x64
		MinSizeRel|x64 = MinSizeRel|x64
		RelWithDebInfo|x64 = RelWithDebInfo|x64
	EndGlobalSection
	GlobalSection(ProjectConfigurationPlatforms) = postSolution
		{DA6FD596-76BB-3792-B748-F1848BA272EE}.Debug|x64.ActiveCfg = Debug|x64
		{DA6FD596-76BB-3792-B748-F1848BA272EE}.Release|x64.ActiveCfg = Release|x64
		{DA6FD596-76BB-3792-B748-F1848BA272EE}.MinSizeRel|x64.ActiveCfg = MinSizeRel|x64
		{DA6FD596-76BB-3792-B748-F1848BA272EE}.RelWithDebInfo|x64.ActiveCfg = RelWithDebInfo|x64
	EndGlobalSection
	GlobalSection(ExtensibilityGlobals) = postSolution
		SolutionGuid = {BF318AF6-5ABA-3A64-ACFA-97607E324423}
	EndGlobalSection
	GlobalSection(ExtensibilityAddIns) = postSolution
	EndGlobalSection
EndGlobal
